{
  "name": "minor",
  "lockfileVersion": 3,
  "requires": true,
  "packages": {
    "": {
      "dependencies": {
        "autoskills": "^0.2.3"
      }
    },
    "node_modules/autoskills": {
      "version": "0.2.3",
      "resolved": "https://registry.npmjs.org/autoskills/-/autoskills-0.2.3.tgz",
      "integrity": "sha512-IaoNuk/TU7zNBQrsa9yIoiNhay3h1/VTE1jx4gKLekszwEW8hDjBcOxQ8eQ72dyuNNnxaMUThhvA9VLrCE5tzQ==",
      "license": "CC-BY-NC-4.0",
      "bin": {
        "autoskills": "index.mjs"
      },
      "engines": {
        "node": ">=22.0.0"
      }
    }
  }
}
